
Microsoft Visual Studio Solution File, Format Version 12.00
# Visual Studio Version 17
VisualStudioVersion = 17.14.36414.22 d17.14
MinimumVisualStudioVersion = 10.0.40219.1
Project("{FAE04EC0-301F-11D3-BF4B-00C04F79EFBC}") = "OBJEKTUM", "OBJEKTUM\OBJEKTUM.csproj", "{0AA32FC8-923C-4453-8E57-955801F92C8D}"
EndProject
Global
	GlobalSection(SolutionConfigurationPlatforms) = preSolution
		Debug|Any CPU = Debug|Any CPU
		Release|Any CPU = Release|Any CPU
	EndGlobalSection
	GlobalSection(ProjectConfigurationPlatforms) = postSolution
		{0AA32FC8-923C-4453-8E57-955801F92C8D}.Debug|Any CPU.ActiveCfg = Debug|Any CPU
		{0AA32FC8-923C-4453-8E57-955801F92C8D}.Debug|Any CPU.Build.0 = Debug|Any CPU
		{0AA32FC8-923C-4453-8E57-955801F92C8D}.Release|Any CPU.ActiveCfg = Release|Any CPU
		{0AA32FC8-923C-4453-8E57-955801F92C8D}.Release|Any CPU.Build.0 = Release|Any CPU
	EndGlobalSection
	GlobalSection(SolutionProperties) = preSolution
		HideSolutionNode = FALSE
	EndGlobalSection
	GlobalSection(ExtensibilityGlobals) = postSolution
		SolutionGuid = {63923DAF-E7B2-4551-AF98-CAF87EF812D0}
	EndGlobalSection
EndGlobal
