
Microsoft Visual Studio Solution File, Format Version 12.00
# Visual Studio Version 17
VisualStudioVersion = 17.14.36414.22 d17.14
MinimumVisualStudioVersion = 10.0.40219.1
Project("{FAE04EC0-301F-11D3-BF4B-00C04F79EFBC}") = "szallascon", "szallascon\szallascon.csproj", "{BE517225-F3FA-476D-9458-14879CA7DBEE}"
EndProject
Project("{FAE04EC0-301F-11D3-BF4B-00C04F79EFBC}") = "szallas", "szallas\szallas.csproj", "{F69345A1-4BAB-40A4-90F3-CEE3E0C69392}"
EndProject
Global
	GlobalSection(SolutionConfigurationPlatforms) = preSolution
		Debug|Any CPU = Debug|Any CPU
		Release|Any CPU = Release|Any CPU
	EndGlobalSection
	GlobalSection(ProjectConfigurationPlatforms) = postSolution
		{BE517225-F3FA-476D-9458-14879CA7DBEE}.Debug|Any CPU.ActiveCfg = Debug|Any CPU
		{BE517225-F3FA-476D-9458-14879CA7DBEE}.Debug|Any CPU.Build.0 = Debug|Any CPU
		{BE517225-F3FA-476D-9458-14879CA7DBEE}.Release|Any CPU.ActiveCfg = Release|Any CPU
		{BE517225-F3FA-476D-9458-14879CA7DBEE}.Release|Any CPU.Build.0 = Release|Any CPU
		{F69345A1-4BAB-40A4-90F3-CEE3E0C69392}.Debug|Any CPU.ActiveCfg = Debug|Any CPU
		{F69345A1-4BAB-40A4-90F3-CEE3E0C69392}.Debug|Any CPU.Build.0 = Debug|Any CPU
		{F69345A1-4BAB-40A4-90F3-CEE3E0C69392}.Release|Any CPU.ActiveCfg = Release|Any CPU
		{F69345A1-4BAB-40A4-90F3-CEE3E0C69392}.Release|Any CPU.Build.0 = Release|Any CPU
	EndGlobalSection
	GlobalSection(SolutionProperties) = preSolution
		HideSolutionNode = FALSE
	EndGlobalSection
	GlobalSection(ExtensibilityGlobals) = postSolution
		SolutionGuid = {F870FFC7-7C22-47D1-B543-2EE33E536FA5}
	EndGlobalSection
EndGlobal
