
Microsoft Visual Studio Solution File, Format Version 12.00
# Visual Studio Version 17
VisualStudioVersion = 17.14.36414.22 d17.14
MinimumVisualStudioVersion = 10.0.40219.1
Project("{FAE04EC0-301F-11D3-BF4B-00C04F79EFBC}") = "szallascon", "szallascon\szallascon.csproj", "{83557629-7110-4233-A630-BFB23CEDE134}"
EndProject
Project("{FAE04EC0-301F-11D3-BF4B-00C04F79EFBC}") = "szallasLibrary", "szallasLibrary\szallasLibrary.csproj", "{31C059C7-F4B7-4E07-B3F4-E7C1C82C48EC}"
EndProject
Global
	GlobalSection(SolutionConfigurationPlatforms) = preSolution
		Debug|Any CPU = Debug|Any CPU
		Release|Any CPU = Release|Any CPU
	EndGlobalSection
	GlobalSection(ProjectConfigurationPlatforms) = postSolution
		{83557629-7110-4233-A630-BFB23CEDE134}.Debug|Any CPU.ActiveCfg = Debug|Any CPU
		{83557629-7110-4233-A630-BFB23CEDE134}.Debug|Any CPU.Build.0 = Debug|Any CPU
		{83557629-7110-4233-A630-BFB23CEDE134}.Release|Any CPU.ActiveCfg = Release|Any CPU
		{83557629-7110-4233-A630-BFB23CEDE134}.Release|Any CPU.Build.0 = Release|Any CPU
		{31C059C7-F4B7-4E07-B3F4-E7C1C82C48EC}.Debug|Any CPU.ActiveCfg = Debug|Any CPU
		{31C059C7-F4B7-4E07-B3F4-E7C1C82C48EC}.Debug|Any CPU.Build.0 = Debug|Any CPU
		{31C059C7-F4B7-4E07-B3F4-E7C1C82C48EC}.Release|Any CPU.ActiveCfg = Release|Any CPU
		{31C059C7-F4B7-4E07-B3F4-E7C1C82C48EC}.Release|Any CPU.Build.0 = Release|Any CPU
	EndGlobalSection
	GlobalSection(SolutionProperties) = preSolution
		HideSolutionNode = FALSE
	EndGlobalSection
	GlobalSection(ExtensibilityGlobals) = postSolution
		SolutionGuid = {BB8F10AE-67EB-400A-9C7C-FCC58F76AE52}
	EndGlobalSection
EndGlobal
