
Microsoft Visual Studio Solution File, Format Version 12.00
# Visual Studio Version 17
VisualStudioVersion = 17.14.36414.22 d17.14
MinimumVisualStudioVersion = 10.0.40219.1
Project("{FAE04EC0-301F-11D3-BF4B-00C04F79EFBC}") = "Konyvnyilvantartas", "Konyvnyilvantartas\Konyvnyilvantartas.csproj", "{0EDEC8F3-D585-44D9-99E2-F47E443869FA}"
EndProject
Project("{FAE04EC0-301F-11D3-BF4B-00C04F79EFBC}") = "Konyv", "Konyv\Konyv.csproj", "{8A23A332-E6B1-41E1-9D3A-4204C4B78D23}"
EndProject
Global
	GlobalSection(SolutionConfigurationPlatforms) = preSolution
		Debug|Any CPU = Debug|Any CPU
		Release|Any CPU = Release|Any CPU
	EndGlobalSection
	GlobalSection(ProjectConfigurationPlatforms) = postSolution
		{0EDEC8F3-D585-44D9-99E2-F47E443869FA}.Debug|Any CPU.ActiveCfg = Debug|Any CPU
		{0EDEC8F3-D585-44D9-99E2-F47E443869FA}.Debug|Any CPU.Build.0 = Debug|Any CPU
		{0EDEC8F3-D585-44D9-99E2-F47E443869FA}.Release|Any CPU.ActiveCfg = Release|Any CPU
		{0EDEC8F3-D585-44D9-99E2-F47E443869FA}.Release|Any CPU.Build.0 = Release|Any CPU
		{8A23A332-E6B1-41E1-9D3A-4204C4B78D23}.Debug|Any CPU.ActiveCfg = Debug|Any CPU
		{8A23A332-E6B1-41E1-9D3A-4204C4B78D23}.Debug|Any CPU.Build.0 = Debug|Any CPU
		{8A23A332-E6B1-41E1-9D3A-4204C4B78D23}.Release|Any CPU.ActiveCfg = Release|Any CPU
		{8A23A332-E6B1-41E1-9D3A-4204C4B78D23}.Release|Any CPU.Build.0 = Release|Any CPU
	EndGlobalSection
	GlobalSection(SolutionProperties) = preSolution
		HideSolutionNode = FALSE
	EndGlobalSection
	GlobalSection(ExtensibilityGlobals) = postSolution
		SolutionGuid = {ABC31439-D2CD-4A45-BA63-C4D5696F2CF8}
	EndGlobalSection
EndGlobal
