
Microsoft Visual Studio Solution File, Format Version 12.00
# Visual Studio Version 17
VisualStudioVersion = 17.14.36414.22 d17.14
MinimumVisualStudioVersion = 10.0.40219.1
Project("{FAE04EC0-301F-11D3-BF4B-00C04F79EFBC}") = "DolgozatPontszamok", "DolgozatPontszamok\DolgozatPontszamok.csproj", "{A1C07F25-DB71-4462-8EA9-9B4B62BBF814}"
EndProject
Project("{FAE04EC0-301F-11D3-BF4B-00C04F79EFBC}") = "Tanulok", "Tanulok\Tanulok.csproj", "{A627FDE8-AC8E-4247-8B02-5FE096F3744E}"
EndProject
Global
	GlobalSection(SolutionConfigurationPlatforms) = preSolution
		Debug|Any CPU = Debug|Any CPU
		Release|Any CPU = Release|Any CPU
	EndGlobalSection
	GlobalSection(ProjectConfigurationPlatforms) = postSolution
		{A1C07F25-DB71-4462-8EA9-9B4B62BBF814}.Debug|Any CPU.ActiveCfg = Debug|Any CPU
		{A1C07F25-DB71-4462-8EA9-9B4B62BBF814}.Debug|Any CPU.Build.0 = Debug|Any CPU
		{A1C07F25-DB71-4462-8EA9-9B4B62BBF814}.Release|Any CPU.ActiveCfg = Release|Any CPU
		{A1C07F25-DB71-4462-8EA9-9B4B62BBF814}.Release|Any CPU.Build.0 = Release|Any CPU
		{A627FDE8-AC8E-4247-8B02-5FE096F3744E}.Debug|Any CPU.ActiveCfg = Debug|Any CPU
		{A627FDE8-AC8E-4247-8B02-5FE096F3744E}.Debug|Any CPU.Build.0 = Debug|Any CPU
		{A627FDE8-AC8E-4247-8B02-5FE096F3744E}.Release|Any CPU.ActiveCfg = Release|Any CPU
		{A627FDE8-AC8E-4247-8B02-5FE096F3744E}.Release|Any CPU.Build.0 = Release|Any CPU
	EndGlobalSection
	GlobalSection(SolutionProperties) = preSolution
		HideSolutionNode = FALSE
	EndGlobalSection
	GlobalSection(ExtensibilityGlobals) = postSolution
		SolutionGuid = {92719502-4CAD-4858-A278-DCD48EE73D0C}
	EndGlobalSection
EndGlobal
