
Microsoft Visual Studio Solution File, Format Version 12.00
# Visual Studio Version 17
VisualStudioVersion = 17.14.36414.22
MinimumVisualStudioVersion = 10.0.40219.1
Project("{FAE04EC0-301F-11D3-BF4B-00C04F79EFBC}") = "burkolo_con", "burkolo_con\burkolo_con.csproj", "{A00E2709-A842-47FF-995A-A7C744DD76A7}"
EndProject
Global
	GlobalSection(SolutionConfigurationPlatforms) = preSolution
		Debug|Any CPU = Debug|Any CPU
		Release|Any CPU = Release|Any CPU
	EndGlobalSection
	GlobalSection(ProjectConfigurationPlatforms) = postSolution
		{A00E2709-A842-47FF-995A-A7C744DD76A7}.Debug|Any CPU.ActiveCfg = Debug|Any CPU
		{A00E2709-A842-47FF-995A-A7C744DD76A7}.Debug|Any CPU.Build.0 = Debug|Any CPU
		{A00E2709-A842-47FF-995A-A7C744DD76A7}.Release|Any CPU.ActiveCfg = Release|Any CPU
		{A00E2709-A842-47FF-995A-A7C744DD76A7}.Release|Any CPU.Build.0 = Release|Any CPU
	EndGlobalSection
	GlobalSection(SolutionProperties) = preSolution
		HideSolutionNode = FALSE
	EndGlobalSection
	GlobalSection(ExtensibilityGlobals) = postSolution
		SolutionGuid = {5B9FB638-5A44-4032-9E5B-4B6D03198AEB}
	EndGlobalSection
EndGlobal
