
Microsoft Visual Studio Solution File, Format Version 12.00
# Visual Studio Version 17
VisualStudioVersion = 17.14.36603.0 d17.14
MinimumVisualStudioVersion = 10.0.40219.1
Project("{FAE04EC0-301F-11D3-BF4B-00C04F79EFBC}") = "SikidomokCon", "SikidomokCon\SikidomokCon.csproj", "{F79F9D74-F91D-4EDF-810E-9FFBA736DDA4}"
EndProject
Project("{FAE04EC0-301F-11D3-BF4B-00C04F79EFBC}") = "SikidomLibrary", "SikidomLibrary\SikidomLibrary.csproj", "{B8A41384-C1FA-4A17-9A10-D935DD3BFB38}"
EndProject
Global
	GlobalSection(SolutionConfigurationPlatforms) = preSolution
		Debug|Any CPU = Debug|Any CPU
		Release|Any CPU = Release|Any CPU
	EndGlobalSection
	GlobalSection(ProjectConfigurationPlatforms) = postSolution
		{F79F9D74-F91D-4EDF-810E-9FFBA736DDA4}.Debug|Any CPU.ActiveCfg = Debug|Any CPU
		{F79F9D74-F91D-4EDF-810E-9FFBA736DDA4}.Debug|Any CPU.Build.0 = Debug|Any CPU
		{F79F9D74-F91D-4EDF-810E-9FFBA736DDA4}.Release|Any CPU.ActiveCfg = Release|Any CPU
		{F79F9D74-F91D-4EDF-810E-9FFBA736DDA4}.Release|Any CPU.Build.0 = Release|Any CPU
		{B8A41384-C1FA-4A17-9A10-D935DD3BFB38}.Debug|Any CPU.ActiveCfg = Debug|Any CPU
		{B8A41384-C1FA-4A17-9A10-D935DD3BFB38}.Debug|Any CPU.Build.0 = Debug|Any CPU
		{B8A41384-C1FA-4A17-9A10-D935DD3BFB38}.Release|Any CPU.ActiveCfg = Release|Any CPU
		{B8A41384-C1FA-4A17-9A10-D935DD3BFB38}.Release|Any CPU.Build.0 = Release|Any CPU
	EndGlobalSection
	GlobalSection(SolutionProperties) = preSolution
		HideSolutionNode = FALSE
	EndGlobalSection
	GlobalSection(ExtensibilityGlobals) = postSolution
		SolutionGuid = {6EBA694E-D762-4442-9D4E-F6142A10B145}
	EndGlobalSection
EndGlobal
